# requirements.lock - full transitive pin for reproducible builds.
# Generated from working .venv via pip freeze. Source of truth for direct
# dependencies is still requirements.txt / requirements-prod.txt /
# requirements-dev.txt; regenerate this file after any pip install.
# Usage:  pip install -r requirements.lock

aiosqlite==0.22.1
annotated-doc==0.0.4
annotated-types==0.7.0
anyio==4.13.0
certifi==2026.4.22
cffi==2.0.0
charset-normalizer==3.4.7
click==8.4.0
colorama==0.4.6
cryptography==48.0.0
defusedxml==0.7.1
fastapi==0.136.1
filelock==3.29.0
flatbuffers==25.12.19
h11==0.16.0
httpcore==1.0.9
httptools==0.7.1
httpx==0.28.1
idna==3.15
iniconfig==2.3.0
jaraco.classes==3.4.0
jaraco.context==6.1.2
jaraco.functools==4.5.0
joblib==1.5.3
keyring==25.7.0
markdown-it-py==4.2.0
mdurl==0.1.2
more-itertools==11.0.2
numpy==2.4.5
onnxruntime==1.26.0
packageurl-python==0.17.6
packaging==26.2
pillow==12.2.0
pip-api==0.0.34
pip-requirements-parser==32.0.1
pip_audit==2.10.0
platformdirs==4.9.6
pluggy==1.6.0
protobuf==7.34.1
psutil==7.2.2
py-serializable==2.1.0
pycparser==3.0
pydantic==2.13.4
pydantic-settings==2.14.1
pydantic_core==2.46.4
Pygments==2.20.0
PyMuPDF==1.27.2.3
pyparsing==3.3.2
pystray==0.19.5
pytest==9.0.3
pytest-asyncio==1.3.0
python-dotenv==1.2.2
python-multipart==0.0.28
pywin32-ctypes==0.2.3
PyYAML==6.0.3
requests==2.34.2
rich==15.0.0
scikit-learn==1.8.0
scipy==1.17.1
setuptools==82.0.1
six==1.17.0
starlette==1.0.1
threadpoolctl==3.6.0
tomli==2.4.1
tomli_w==1.2.0
typing-inspection==0.4.2
typing_extensions==4.15.0
urllib3==2.7.0
uvicorn==0.47.0
watchfiles==1.1.1
websockets==16.0
wheel==0.47.0
